
Microsoft Visual Studio Solution File, Format Version 12.00
# Visual Studio Version 16
VisualStudioVersion = 16.0.31019.35
MinimumVisualStudioVersion = 10.0.40219.1
Project("{FAE04EC0-301F-11D3-BF4B-00C04F79EFBC}") = "Week2.2-Assignment-FinnPoels", "Week2.2-Assignment-FinnPoels\Week2.2-Assignment-FinnPoels.csproj", "{EA21ED98-AA3E-450A-9C0A-C9AE76BB9B2B}"
EndProject
Global
	GlobalSection(SolutionConfigurationPlatforms) = preSolution
		Debug|Any CPU = Debug|Any CPU
		Release|Any CPU = Release|Any CPU
	EndGlobalSection
	GlobalSection(ProjectConfigurationPlatforms) = postSolution
		{EA21ED98-AA3E-450A-9C0A-C9AE76BB9B2B}.Debug|Any CPU.ActiveCfg = Debug|Any CPU
		{EA21ED98-AA3E-450A-9C0A-C9AE76BB9B2B}.Debug|Any CPU.Build.0 = Debug|Any CPU
		{EA21ED98-AA3E-450A-9C0A-C9AE76BB9B2B}.Release|Any CPU.ActiveCfg = Release|Any CPU
		{EA21ED98-AA3E-450A-9C0A-C9AE76BB9B2B}.Release|Any CPU.Build.0 = Release|Any CPU
	EndGlobalSection
	GlobalSection(SolutionProperties) = preSolution
		HideSolutionNode = FALSE
	EndGlobalSection
	GlobalSection(ExtensibilityGlobals) = postSolution
		SolutionGuid = {55F83FF8-AF7D-4298-950F-91370A2374CF}
	EndGlobalSection
EndGlobal
